
Microsoft Visual Studio Solution File, Format Version 12.00
# Visual Studio Version 17
VisualStudioVersion = 17.14.36202.13 d17.14
MinimumVisualStudioVersion = 10.0.40219.1
Project("{FAE04EC0-301F-11D3-BF4B-00C04F79EFBC}") = "Sql&Linqcommandtutorial", "Sql&Linqcommandtutorial\Sql&Linqcommandtutorial.csproj", "{41DCFD57-BEA7-4334-8CCA-DE89B115BF60}"
EndProject
Global
	GlobalSection(SolutionConfigurationPlatforms) = preSolution
		Debug|Any CPU = Debug|Any CPU
		Release|Any CPU = Release|Any CPU
	EndGlobalSection
	GlobalSection(ProjectConfigurationPlatforms) = postSolution
		{41DCFD57-BEA7-4334-8CCA-DE89B115BF60}.Debug|Any CPU.ActiveCfg = Debug|Any CPU
		{41DCFD57-BEA7-4334-8CCA-DE89B115BF60}.Debug|Any CPU.Build.0 = Debug|Any CPU
		{41DCFD57-BEA7-4334-8CCA-DE89B115BF60}.Release|Any CPU.ActiveCfg = Release|Any CPU
		{41DCFD57-BEA7-4334-8CCA-DE89B115BF60}.Release|Any CPU.Build.0 = Release|Any CPU
	EndGlobalSection
	GlobalSection(SolutionProperties) = preSolution
		HideSolutionNode = FALSE
	EndGlobalSection
	GlobalSection(ExtensibilityGlobals) = postSolution
		SolutionGuid = {760EC842-2296-483F-9EA3-BDB8C68A9532}
	EndGlobalSection
EndGlobal
